
Microsoft Visual Studio Solution File, Format Version 12.00
# Visual Studio Version 17
VisualStudioVersion = 17.14.36408.4 d17.14
MinimumVisualStudioVersion = 10.0.40219.1
Project("{FAE04EC0-301F-11D3-BF4B-00C04F79EFBC}") = "DesktopLabelPrinter", "DesktopLabelPrinter\DesktopLabelPrinter.csproj", "{8F31E581-632D-4C8E-8FB5-7DF5AA8CF1B4}"
EndProject
Global
	GlobalSection(SolutionConfigurationPlatforms) = preSolution
		Debug|Any CPU = Debug|Any CPU
		Release|Any CPU = Release|Any CPU
	EndGlobalSection
	GlobalSection(ProjectConfigurationPlatforms) = postSolution
		{8F31E581-632D-4C8E-8FB5-7DF5AA8CF1B4}.Debug|Any CPU.ActiveCfg = Debug|Any CPU
		{8F31E581-632D-4C8E-8FB5-7DF5AA8CF1B4}.Debug|Any CPU.Build.0 = Debug|Any CPU
		{8F31E581-632D-4C8E-8FB5-7DF5AA8CF1B4}.Release|Any CPU.ActiveCfg = Release|Any CPU
		{8F31E581-632D-4C8E-8FB5-7DF5AA8CF1B4}.Release|Any CPU.Build.0 = Release|Any CPU
	EndGlobalSection
	GlobalSection(SolutionProperties) = preSolution
		HideSolutionNode = FALSE
	EndGlobalSection
	GlobalSection(ExtensibilityGlobals) = postSolution
		SolutionGuid = {75C0F726-C362-478F-976E-3BB1E043A0D1}
	EndGlobalSection
EndGlobal
